
Microsoft Visual Studio Solution File, Format Version 12.00
# Visual Studio Version 17
VisualStudioVersion = 17.7.34003.232
MinimumVisualStudioVersion = 10.0.40219.1
Project("{FAE04EC0-301F-11D3-BF4B-00C04F79EFBC}") = "NZWalks.API", "NZWalks.API\NZWalks.API.csproj", "{704030A1-38A3-4984-A8CC-7ECF6EC80DDB}"
EndProject
Global
	GlobalSection(SolutionConfigurationPlatforms) = preSolution
		Debug|Any CPU = Debug|Any CPU
		Release|Any CPU = Release|Any CPU
	EndGlobalSection
	GlobalSection(ProjectConfigurationPlatforms) = postSolution
		{704030A1-38A3-4984-A8CC-7ECF6EC80DDB}.Debug|Any CPU.ActiveCfg = Debug|Any CPU
		{704030A1-38A3-4984-A8CC-7ECF6EC80DDB}.Debug|Any CPU.Build.0 = Debug|Any CPU
		{704030A1-38A3-4984-A8CC-7ECF6EC80DDB}.Release|Any CPU.ActiveCfg = Release|Any CPU
		{704030A1-38A3-4984-A8CC-7ECF6EC80DDB}.Release|Any CPU.Build.0 = Release|Any CPU
	EndGlobalSection
	GlobalSection(SolutionProperties) = preSolution
		HideSolutionNode = FALSE
	EndGlobalSection
	GlobalSection(ExtensibilityGlobals) = postSolution
		SolutionGuid = {8986D041-A8B2-4253-A555-E06BC70302F6}
	EndGlobalSection
EndGlobal
